
Microsoft Visual Studio Solution File, Format Version 12.00
# Visual Studio Version 16
VisualStudioVersion = 16.0.29306.81
MinimumVisualStudioVersion = 10.0.40219.1
Project("{FAE04EC0-301F-11D3-BF4B-00C04F79EFBC}") = "demo", "demo\demo.csproj", "{F1EE8796-E9E6-45C3-96AE-D52F1B83295B}"
EndProject
Global
	GlobalSection(SolutionConfigurationPlatforms) = preSolution
		Debug|Any CPU = Debug|Any CPU
		Release|Any CPU = Release|Any CPU
	EndGlobalSection
	GlobalSection(ProjectConfigurationPlatforms) = postSolution
		{F1EE8796-E9E6-45C3-96AE-D52F1B83295B}.Debug|Any CPU.ActiveCfg = Debug|Any CPU
		{F1EE8796-E9E6-45C3-96AE-D52F1B83295B}.Debug|Any CPU.Build.0 = Debug|Any CPU
		{F1EE8796-E9E6-45C3-96AE-D52F1B83295B}.Release|Any CPU.ActiveCfg = Release|Any CPU
		{F1EE8796-E9E6-45C3-96AE-D52F1B83295B}.Release|Any CPU.Build.0 = Release|Any CPU
	EndGlobalSection
	GlobalSection(SolutionProperties) = preSolution
		HideSolutionNode = FALSE
	EndGlobalSection
	GlobalSection(ExtensibilityGlobals) = postSolution
		SolutionGuid = {DCE7A298-CD5B-4F9A-B4BC-58BA4E8D8798}
	EndGlobalSection
EndGlobal
