
Microsoft Visual Studio Solution File, Format Version 12.00
# Visual Studio Version 16
VisualStudioVersion = 16.0.29306.81
MinimumVisualStudioVersion = 10.0.40219.1
Project("{FAE04EC0-301F-11D3-BF4B-00C04F79EFBC}") = "demo", "demo\demo.csproj", "{02CF41C8-43FE-4831-B3CE-41C8D43956CB}"
EndProject
Global
	GlobalSection(SolutionConfigurationPlatforms) = preSolution
		Debug|Any CPU = Debug|Any CPU
		Release|Any CPU = Release|Any CPU
	EndGlobalSection
	GlobalSection(ProjectConfigurationPlatforms) = postSolution
		{02CF41C8-43FE-4831-B3CE-41C8D43956CB}.Debug|Any CPU.ActiveCfg = Debug|Any CPU
		{02CF41C8-43FE-4831-B3CE-41C8D43956CB}.Debug|Any CPU.Build.0 = Debug|Any CPU
		{02CF41C8-43FE-4831-B3CE-41C8D43956CB}.Release|Any CPU.ActiveCfg = Release|Any CPU
		{02CF41C8-43FE-4831-B3CE-41C8D43956CB}.Release|Any CPU.Build.0 = Release|Any CPU
	EndGlobalSection
	GlobalSection(SolutionProperties) = preSolution
		HideSolutionNode = FALSE
	EndGlobalSection
	GlobalSection(ExtensibilityGlobals) = postSolution
		SolutionGuid = {66AC2A56-BD4B-4F11-89DE-44A23988C9DB}
	EndGlobalSection
EndGlobal
